
Microsoft Visual Studio Solution File, Format Version 12.00
# Visual Studio Version 17
VisualStudioVersion = 17.8.34330.188
MinimumVisualStudioVersion = 10.0.40219.1
Project("{9A19103F-16F7-4668-BE54-9A1E7A4F7556}") = "eShop.Data", "eShop.Data\eShop.Data.csproj", "{6F7255D7-7DD1-4330-8239-62A9B5DE6B5B}"
EndProject
Project("{9A19103F-16F7-4668-BE54-9A1E7A4F7556}") = "eShop.Data.Shared", "eShop.Data.Shared\eShop.Data.Shared.csproj", "{7024E67B-39A5-4878-84C5-6776AAE468E1}"
EndProject
Project("{9A19103F-16F7-4668-BE54-9A1E7A4F7556}") = "eShop.API.Category", "eShop.API.Category\eShop.API.Category.csproj", "{70AFA4F1-8267-4CC4-8058-AD111DEC4493}"
EndProject
Project("{9A19103F-16F7-4668-BE54-9A1E7A4F7556}") = "eShop.API.Extensions", "eShop.API.Extensions\eShop.API.Extensions.csproj", "{FB02CBEE-5EAA-48F8-8609-2E4E8EB027FC}"
EndProject
Project("{9A19103F-16F7-4668-BE54-9A1E7A4F7556}") = "eShop.API.DTO", "eShop.API.DTO\eShop.API.DTO.csproj", "{B396BCCE-DE51-4A79-92F9-200B6EDB2957}"
EndProject
Project("{9A19103F-16F7-4668-BE54-9A1E7A4F7556}") = "eShop.API.Product", "eShop.API.Product\eShop.API.Product.csproj", "{A26D706A-19E6-4BCC-A353-4D4B978AEA6C}"
EndProject
Project("{9A19103F-16F7-4668-BE54-9A1E7A4F7556}") = "eShop.UI.Models", "eShop.UI.Models\eShop.UI.Models.csproj", "{D13E3C6B-AA38-4ECA-A196-D903D50F5F9B}"
EndProject
Project("{9A19103F-16F7-4668-BE54-9A1E7A4F7556}") = "eShop.UI", "eShop.UI\eShop.UI.csproj", "{18BD5C30-1A01-4E69-B5BB-9E1EB532A2CB}"
EndProject
Global
	GlobalSection(SolutionConfigurationPlatforms) = preSolution
		Debug|Any CPU = Debug|Any CPU
		Release|Any CPU = Release|Any CPU
	EndGlobalSection
	GlobalSection(ProjectConfigurationPlatforms) = postSolution
		{6F7255D7-7DD1-4330-8239-62A9B5DE6B5B}.Debug|Any CPU.ActiveCfg = Debug|Any CPU
		{6F7255D7-7DD1-4330-8239-62A9B5DE6B5B}.Debug|Any CPU.Build.0 = Debug|Any CPU
		{6F7255D7-7DD1-4330-8239-62A9B5DE6B5B}.Release|Any CPU.ActiveCfg = Release|Any CPU
		{6F7255D7-7DD1-4330-8239-62A9B5DE6B5B}.Release|Any CPU.Build.0 = Release|Any CPU
		{7024E67B-39A5-4878-84C5-6776AAE468E1}.Debug|Any CPU.ActiveCfg = Debug|Any CPU
		{7024E67B-39A5-4878-84C5-6776AAE468E1}.Debug|Any CPU.Build.0 = Debug|Any CPU
		{7024E67B-39A5-4878-84C5-6776AAE468E1}.Release|Any CPU.ActiveCfg = Release|Any CPU
		{7024E67B-39A5-4878-84C5-6776AAE468E1}.Release|Any CPU.Build.0 = Release|Any CPU
		{70AFA4F1-8267-4CC4-8058-AD111DEC4493}.Debug|Any CPU.ActiveCfg = Debug|Any CPU
		{70AFA4F1-8267-4CC4-8058-AD111DEC4493}.Debug|Any CPU.Build.0 = Debug|Any CPU
		{70AFA4F1-8267-4CC4-8058-AD111DEC4493}.Release|Any CPU.ActiveCfg = Release|Any CPU
		{70AFA4F1-8267-4CC4-8058-AD111DEC4493}.Release|Any CPU.Build.0 = Release|Any CPU
		{FB02CBEE-5EAA-48F8-8609-2E4E8EB027FC}.Debug|Any CPU.ActiveCfg = Debug|Any CPU
		{FB02CBEE-5EAA-48F8-8609-2E4E8EB027FC}.Debug|Any CPU.Build.0 = Debug|Any CPU
		{FB02CBEE-5EAA-48F8-8609-2E4E8EB027FC}.Release|Any CPU.ActiveCfg = Release|Any CPU
		{FB02CBEE-5EAA-48F8-8609-2E4E8EB027FC}.Release|Any CPU.Build.0 = Release|Any CPU
		{B396BCCE-DE51-4A79-92F9-200B6EDB2957}.Debug|Any CPU.ActiveCfg = Debug|Any CPU
		{B396BCCE-DE51-4A79-92F9-200B6EDB2957}.Debug|Any CPU.Build.0 = Debug|Any CPU
		{B396BCCE-DE51-4A79-92F9-200B6EDB2957}.Release|Any CPU.ActiveCfg = Release|Any CPU
		{B396BCCE-DE51-4A79-92F9-200B6EDB2957}.Release|Any CPU.Build.0 = Release|Any CPU
		{A26D706A-19E6-4BCC-A353-4D4B978AEA6C}.Debug|Any CPU.ActiveCfg = Debug|Any CPU
		{A26D706A-19E6-4BCC-A353-4D4B978AEA6C}.Debug|Any CPU.Build.0 = Debug|Any CPU
		{A26D706A-19E6-4BCC-A353-4D4B978AEA6C}.Release|Any CPU.ActiveCfg = Release|Any CPU
		{A26D706A-19E6-4BCC-A353-4D4B978AEA6C}.Release|Any CPU.Build.0 = Release|Any CPU
		{D13E3C6B-AA38-4ECA-A196-D903D50F5F9B}.Debug|Any CPU.ActiveCfg = Debug|Any CPU
		{D13E3C6B-AA38-4ECA-A196-D903D50F5F9B}.Debug|Any CPU.Build.0 = Debug|Any CPU
		{D13E3C6B-AA38-4ECA-A196-D903D50F5F9B}.Release|Any CPU.ActiveCfg = Release|Any CPU
		{D13E3C6B-AA38-4ECA-A196-D903D50F5F9B}.Release|Any CPU.Build.0 = Release|Any CPU
		{18BD5C30-1A01-4E69-B5BB-9E1EB532A2CB}.Debug|Any CPU.ActiveCfg = Debug|Any CPU
		{18BD5C30-1A01-4E69-B5BB-9E1EB532A2CB}.Debug|Any CPU.Build.0 = Debug|Any CPU
		{18BD5C30-1A01-4E69-B5BB-9E1EB532A2CB}.Release|Any CPU.ActiveCfg = Release|Any CPU
		{18BD5C30-1A01-4E69-B5BB-9E1EB532A2CB}.Release|Any CPU.Build.0 = Release|Any CPU
	EndGlobalSection
	GlobalSection(SolutionProperties) = preSolution
		HideSolutionNode = FALSE
	EndGlobalSection
	GlobalSection(ExtensibilityGlobals) = postSolution
		SolutionGuid = {1877089F-621C-4AAB-B3A3-046CF32390DE}
	EndGlobalSection
EndGlobal
